
Microsoft Visual Studio Solution File, Format Version 12.00
# Visual Studio Version 17
VisualStudioVersion = 17.9.34622.214
MinimumVisualStudioVersion = 10.0.40219.1
Project("{FAE04EC0-301F-11D3-BF4B-00C04F79EFBC}") = "CustomList", "CustomList\CustomList.csproj", "{DA4AB149-A46C-465C-9613-0CB2DF4F0DD1}"
EndProject
Global
	GlobalSection(SolutionConfigurationPlatforms) = preSolution
		Debug|Any CPU = Debug|Any CPU
		Release|Any CPU = Release|Any CPU
	EndGlobalSection
	GlobalSection(ProjectConfigurationPlatforms) = postSolution
		{DA4AB149-A46C-465C-9613-0CB2DF4F0DD1}.Debug|Any CPU.ActiveCfg = Debug|Any CPU
		{DA4AB149-A46C-465C-9613-0CB2DF4F0DD1}.Debug|Any CPU.Build.0 = Debug|Any CPU
		{DA4AB149-A46C-465C-9613-0CB2DF4F0DD1}.Release|Any CPU.ActiveCfg = Release|Any CPU
		{DA4AB149-A46C-465C-9613-0CB2DF4F0DD1}.Release|Any CPU.Build.0 = Release|Any CPU
	EndGlobalSection
	GlobalSection(SolutionProperties) = preSolution
		HideSolutionNode = FALSE
	EndGlobalSection
	GlobalSection(ExtensibilityGlobals) = postSolution
		SolutionGuid = {5469710C-C200-4FDB-A641-7B3D6B0ACDA5}
	EndGlobalSection
EndGlobal
